[container]
image = "docker.io/library/archlinux@sha256:b29dab0d5f362cfe2ed4662c46f27855681d56fb548fd2f6d927fd573131178a"

[[package]]
name = "audit"
version = "3.1.2-1"
system = "archlinux"
url = "https://archive.archlinux.org/packages/a/audit/audit-3.1.2-1-x86_64.pkg.tar.zst"
sha256 = "2f82b4e4e4e38132397a4a5bfb8a1b2d45a7a522473e8e841fdbf965d634efd8"
signature = "iHUEABYKAB0WIQSZH24/B2XPYpWIhYYTmwnaW/DTOAUCZNDHzAAKCRATmwnaW/DTOGQVAQCKYLj2qV0KLiw7R68hgFj+2i5Apj5N8eYRogbEfPs0+wEAxWfjineCRRM7AR3TVACspd4I9gvhw47mD+bmF8y4zgw="

[[package]]
name = "binutils"
version = "2.41-3"
system = "archlinux"
url = "https://archive.archlinux.org/packages/b/binutils/binutils-2.41-3-x86_64.pkg.tar.zst"
sha256 = "b921c57f7847a3daa4025c961cfa573f1f5244e9f84e673edba4fc4fbfd09a70"
signature = "iNUEABYKAH0WIQQFx3danouXdAf+COadTFqhVCbaCgUCZM0fcl8UgAAAAAAuAChpc3N1ZXItZnByQG5vdGF0aW9ucy5vcGVucGdwLmZpZnRoaG9yc2VtYW4ubmV0MDVDNzc3NUE5RThCOTc3NDA3RkUwOEU2OUQ0QzVBQTE1NDI2REEwQQAKCRCdTFqhVCbaCjWSAP90OJtRaSrRM6tQAaNseK66rjp/UNeexmEGKk3hVSAHOQEApYk913azGyXlSJCDu6NpPJXII1BcBnuR/62p4KpSuwU="

[[package]]
name = "ca-certificates-mozilla"
version = "3.92-1"
system = "archlinux"
url = "https://archive.archlinux.org/packages/c/ca-certificates-mozilla/ca-certificates-mozilla-3.92-1-x86_64.pkg.tar.zst"
sha256 = "0deefc5884e37867e608df6eb440846b21e9d4bf12f1ae20088a149703e5acd2"
signature = "iIsEABYIADMWIQQGaHodnU+rCLUP2Ss7lKgOUKR3xwUCZML0wxUcaGVmdGlnQGFyY2hsaW51eC5vcmcACgkQO5SoDlCkd8c33wEAh7y67JJL4O5eHLbBsDjb2U1f44Ek7WEYFBEWazNmFugBANqH3H/8tF9p8jVXstp5x00MREtFw+T+jhraOIjqh4sK"

[[package]]
name = "curl"
version = "8.2.1-1"
system = "archlinux"
url = "https://archive.archlinux.org/packages/c/curl/curl-8.2.1-1-x86_64.pkg.tar.zst"
sha256 = "5ce8b218ecbc75a097b683e81fe901b7e144064ceeeca073fc8a0ea3b0b2ce4d"
signature = "iQIzBAABCAAdFiEEtLdZYl1GM0MLdIdwWeQ+EGskc2gFAmTA4X0ACgkQWeQ+EGskc2hvTw//fLUtrOsXvDMDclh6vwccHz9uSK2EpHNuFTpyd3Jx4bK66ZwePTIgMVgNJxmnbso77G+eyhb4QpCTuu1fJdSrXgaVqAYR21uWNuHLVKSyT9+L7LvSbnXdhMzGLLN3bY6UqfGirSKMQOOLXsxUFvCHovqHkspjbXLDejJA/eGdIBx2V2BoDa5xLIXz2QDAPuevwMBrHv+C682uiEr/5ihmsn363K9TX+9B7Pbreu4FvY/tnMMkzeG0+NiuylLbYz3egkZwhFO0mX9ZgxzkUOx8Bx/qqK+Slo0bIYNI274Iz25dexq06rbEFlOp7DM1b4zMYCDYNWI+RTPX0RbQXOJfoX+AhwLdZvf9pf3cT3BLpIaCVrWNI5nPd/5+aQY0tcY1y7A4VA+66/melwtDB17PAKengdWqjVs3BOtBRs1aT4Zew4RmNS1n5NGarxCJM/yrzPC0Xz6piE4atmf1Fzaz8pRViVVejUk1uIFqKIUmtZtO1qSkbeTLRE/e4orVBfeasYlaUsCBtnsHMeqYy9BK2a+IvLk7o17trlIP1niFuIqbXexu+rusPt8Wn4IQlZvT+dyWMcRP4OFBHAECieE5GaoWPcTScFDOifpdPk7FShXX8C441xcjb0pomGSW/JFBKD1CSlMuUVhqF5p/NkE4smP+yKrdHOYtqo1LdejItaw="

[[package]]
name = "db"
version = "6.2.32-1"
system = "archlinux"
url = "https://archive.archlinux.org/packages/d/db/db-6.2.32-1-x86_64.pkg.tar.zst"
sha256 = "a0013dbb897620edca8736676b7b2ee4b854ef9479a1555f69557cac58187581"
signature = "iNUEABYKAH0WIQQFx3danouXdAf+COadTFqhVCbaCgUCY5TaIF8UgAAAAAAuAChpc3N1ZXItZnByQG5vdGF0aW9ucy5vcGVucGdwLmZpZnRoaG9yc2VtYW4ubmV0MDVDNzc3NUE5RThCOTc3NDA3RkUwOEU2OUQ0QzVBQTE1NDI2REEwQQAKCRCdTFqhVCbaCoEnAQDnxmF/weM25dQmdunaiAeqBaGRGLsaeZEPp9n7H101mwD+KVIAeFXP1Z3eiWETebLplSQBbq7Vt6Kom+X2cv8VkQ4="

[[package]]
name = "db5.3"
version = "5.3.28-2"
system = "archlinux"
url = "https://archive.archlinux.org/packages/d/db5.3/db5.3-5.3.28-2-x86_64.pkg.tar.zst"
sha256 = "0df0d5ae48b953298df1ad5ac965929d9e98d21f6128b6219a7aa0095dfc9909"
signature = "iNUEABYKAH0WIQQFx3danouXdAf+COadTFqhVCbaCgUCY5oYZ18UgAAAAAAuAChpc3N1ZXItZnByQG5vdGF0aW9ucy5vcGVucGdwLmZpZnRoaG9yc2VtYW4ubmV0MDVDNzc3NUE5RThCOTc3NDA3RkUwOEU2OUQ0QzVBQTE1NDI2REEwQQAKCRCdTFqhVCbaCsEFAQDklZsGk14clm41W2KcPVQJOWMQZXzxXItTUrfv6n/PpgEAqr6wJomYmskBOxzHDR+dtWz3fSJ+aEQindmIUojVYAg="

[[package]]
name = "device-mapper"
version = "2.03.22-1"
system = "archlinux"
url = "https://archive.archlinux.org/packages/d/device-mapper/device-mapper-2.03.22-1-x86_64.pkg.tar.zst"
sha256 = "a730d828dc483eec2dbca0d2680d816172b9d46be04903a031d4ae9f82d536fb"
signature = "iHUEABYIAB0WIQQEKYl95fO9rFN6MGltQr3RFuAGjwUCZMvQ0QAKCRBtQr3RFuAGj9/UAP91VhjKAAt3getTqGclBA89+BDy1ZY2LjFLMYvsQDMYigEAxBFgKlsXNMMabnsEA7/2NrB4s5T1jA4swGHsXl93xgE="

[[package]]
name = "gc"
version = "8.2.4-1"
system = "archlinux"
url = "https://archive.archlinux.org/packages/g/gc/gc-8.2.4-1-x86_64.pkg.tar.zst"
sha256 = "08da155927714ae799c9c5ec7c574f4e88a85b47873d2613a0afe35c635aa8cc"
signature = "iNUEABYKAH0WIQQFx3danouXdAf+COadTFqhVCbaCgUCZHH0pV8UgAAAAAAuAChpc3N1ZXItZnByQG5vdGF0aW9ucy5vcGVucGdwLmZpZnRoaG9yc2VtYW4ubmV0MDVDNzc3NUE5RThCOTc3NDA3RkUwOEU2OUQ0QzVBQTE1NDI2REEwQQAKCRCdTFqhVCbaCpMFAQDS7j8y2YPGnIuUh9OJkh3PE5EjNpRhLmcOHlMkQe/bFwEAmBv3KFkpYFqtKwLLs+Xe66WOGMZKvWMeZv08dB93SQw="

[[package]]
name = "gcc"
version = "13.2.1-3"
system = "archlinux"
url = "https://archive.archlinux.org/packages/g/gcc/gcc-13.2.1-3-x86_64.pkg.tar.zst"
sha256 = "c28a0e0c90a9f2c946b0e3c969742eb872229bb352c44e943e6aa101f60c7d04"
signature = "iNUEABYKAH0WIQQFx3danouXdAf+COadTFqhVCbaCgUCZMoUtF8UgAAAAAAuAChpc3N1ZXItZnByQG5vdGF0aW9ucy5vcGVucGdwLmZpZnRoaG9yc2VtYW4ubmV0MDVDNzc3NUE5RThCOTc3NDA3RkUwOEU2OUQ0QzVBQTE1NDI2REEwQQAKCRCdTFqhVCbaCouZAP0YU8C2MiqVEgJF2sJUVBTjphdU5qfPLTH4wTfrqYaJ6wEAiFydzaI9ORiQYQ9Y4SH6aHBD6S4BN+gnm0FjDCWMxgk="

[[package]]
name = "gcc-libs"
version = "13.2.1-3"
system = "archlinux"
url = "https://archive.archlinux.org/packages/g/gcc-libs/gcc-libs-13.2.1-3-x86_64.pkg.tar.zst"
sha256 = "8d4658790a832599b38c6403ce669d19f64fbdaddbe59c30213b192b898459e7"
signature = "iNUEABYKAH0WIQQFx3danouXdAf+COadTFqhVCbaCgUCZMoUtF8UgAAAAAAuAChpc3N1ZXItZnByQG5vdGF0aW9ucy5vcGVucGdwLmZpZnRoaG9yc2VtYW4ubmV0MDVDNzc3NUE5RThCOTc3NDA3RkUwOEU2OUQ0QzVBQTE1NDI2REEwQQAKCRCdTFqhVCbaChntAQDCHJgEmLOk2LdTlOYm5KFVTxoN2eOOy2R2ouWLc7TTkwEA5zyEqic/i3v4buMRdb9TrmEO1B7ZQPtKTYNwb1R/RAM="

[[package]]
name = "glibc"
version = "2.38-2"
system = "archlinux"
url = "https://archive.archlinux.org/packages/g/glibc/glibc-2.38-2-x86_64.pkg.tar.zst"
sha256 = "b9da89072a0c8804c8c685d85917d8822313d306ed5cfed215b7dd726a978863"
signature = "iNQEABYKAH0WIQQFx3danouXdAf+COadTFqhVCbaCgUCZM0SAl8UgAAAAAAuAChpc3N1ZXItZnByQG5vdGF0aW9ucy5vcGVucGdwLmZpZnRoaG9yc2VtYW4ubmV0MDVDNzc3NUE5RThCOTc3NDA3RkUwOEU2OUQ0QzVBQTE1NDI2REEwQQAKCRCdTFqhVCbaClDRAP4iOXp1/sXVuYpkbC02fEOX3liGJ+jek8N3hBn8PBEXaAD4xah3VMlP/sjvp+nOQRGaICcXjEHBW0OnKFX0BWu4Dw=="

[[package]]
name = "gmp"
version = "6.3.0-1"
system = "archlinux"
url = "https://archive.archlinux.org/packages/g/gmp/gmp-6.3.0-1-x86_64.pkg.tar.zst"
sha256 = "46ca028cb30a263fc5163348ad057a10b363dc5c6a59ff50b2fa5dd405acf755"
signature = "iQEzBAABCAAdFiEEFRnVq6Zb9vwrc8dWek52CV2KUuQFAmTGonsACgkQek52CV2KUuRyFQf+NB0IJ4L3sXM03JCMQp8jIjEPqmeLC+VYm5jRJKqFbs3++vpMdXEK5vX9mMdqSA1UtmJRllEDX0uabUkr8msO3ZdzvCG8GmgzeZph0cafDlUVTR6Fk2wRklCuC06uPt6ko83pTfkvLd6MTT0Hp6KSes/8tCigKsIv0R+Uqqj8NpJTiGUeKtMoSZxlQoB/1yiEdQmXRT6uYgiRj5kEJ9SE29gBzH1Mve5uuR3Tl1DXbuMDeXs2THjk9xmz964bSNxFqVpVy3/85zVsGkNcDRZIJtXyrzeP9PI/FQIF8taaE+4ATaZjOT6J7rP7NCnr9poAB2ui1W7Pr2u1FH6ZrTtHQQ=="

[[package]]
name = "guile"
version = "3.0.9-1"
system = "archlinux"
url = "https://archive.archlinux.org/packages/g/guile/guile-3.0.9-1-x86_64.pkg.tar.zst"
sha256 = "1c17a7b5c3c9c6ca580c76b36080603587bd2dc39a2c3cb0f07d755da05126ab"
signature = "iNUEABYKAH0WIQQFx3danouXdAf+COadTFqhVCbaCgUCY9Gy3F8UgAAAAAAuAChpc3N1ZXItZnByQG5vdGF0aW9ucy5vcGVucGdwLmZpZnRoaG9yc2VtYW4ubmV0MDVDNzc3NUE5RThCOTc3NDA3RkUwOEU2OUQ0QzVBQTE1NDI2REEwQQAKCRCdTFqhVCbaCt5aAQDMcoBQsIEeLWacejGD+7TLT6F3Nu1Q3KDaNAZojqkwmQEAsvIVi/edva/VSJY9fHvmrcdV7jJrRjqglpWinxuWPQI="

[[package]]
name = "jansson"
version = "2.14-2"
system = "archlinux"
url = "https://archive.archlinux.org/packages/j/jansson/jansson-2.14-2-x86_64.pkg.tar.zst"
sha256 = "de45a1cfa23faf16681b9809c4dd375549268b19dd37fe23f96ef8717ac35095"
signature = "iQEzBAABCAAdFiEEFRnVq6Zb9vwrc8dWek52CV2KUuQFAmJyQS8ACgkQek52CV2KUuSqUwf9H9g/0lroLE8fHR7G3Dcy4OILPGZPkt5HOiJBYdnhi0eWJyetHRCSFsMWiZk9HUJHoVbZH28Z3F75UQfI3cWAThSz1HzUMGvEWF/uTpOKENiwY4egQ0pA88eX6kvTt0BuCLA6JZso6VBz2kzYue4uV/B6otdStx6wf6AfDAIha1jWTButBv/pxpAcTJOp157S4Y+NO59NSn672iTm9CQxWcSSo6Bxfimu86kjceXTj/HK+aZ1onjnD7jtOjsrQOBO63thwouju8yNyD/yjeXzOw5KgsZ4c7gu0Wg10MlcM79G2EYXWFbq5/ARxBkEd49fYhDWaPriGz8bO9ri41vGUw=="

[[package]]
name = "libarchive"
version = "3.7.1-1"
system = "archlinux"
url = "https://archive.archlinux.org/packages/l/libarchive/libarchive-3.7.1-1-x86_64.pkg.tar.zst"
sha256 = "45a349269935d77bafcd06e2eb40189a44c34cc5a8e3b18723fff0f24265783a"
signature = "iHUEABYIAB0WIQQEKYl95fO9rFN6MGltQr3RFuAGjwUCZMVyZAAKCRBtQr3RFuAGj838AQDIvKjbfFO7spRDeC1wa6apKxgZWFhW/3Abh4TOW//KVQEAmLRmxFw8WvszRRGnyi/Nga8D1y4Q94ho8nVc/vevuQQ="

[[package]]
name = "libbpf"
version = "1.2.2-1"
system = "archlinux"
url = "https://archive.archlinux.org/packages/l/libbpf/libbpf-1.2.2-1-x86_64.pkg.tar.zst"
sha256 = "4fac3eb81e78aadc86861c7a09a0e7b16db2ffb019cc58ead1f97b64a8d4da52"
signature = "iQEzBAABCAAdFiEEFRnVq6Zb9vwrc8dWek52CV2KUuQFAmSuQ4EACgkQek52CV2KUuSezAf/QUjML1JBbeQ7iHISEinbQ4f7zPJPGQHvPQZlu5yHlKew7yS6F7BPPm5bK8BCJ9xK4wENuMXvjdwxbNMMTPJPRUXJV/JqGjJVbnu1CacrvF0jmfCUoEZfbe64ZzCmgZFSev7UOxgl2EhwoWqDwdH2GmbEb/wEurv4FMio+/+31sQsFKhvz2KWl+ugJSea8RXCeQQyTKcZVYXeRgMzoaZzFruFLgvw2mgkGZ7p5ut0z20iDSQCFKOHiMq/qoj/MV1Fy3UGS4caqBCUitGdY4PwVdzFxoe2WFcheWrkapeYn6wU5UVM8vuMieAX1mMq4bCJBUT8McD8Hyk3wpKwtd80VA=="

[[package]]
name = "libedit"
version = "20221030_3.1-1"
system = "archlinux"
url = "https://archive.archlinux.org/packages/l/libedit/libedit-20221030_3.1-1-x86_64.pkg.tar.zst"
sha256 = "4d6c079024014b5683fef2ed27f82b3c0ca066bba52d4817446ce8161b89f69c"
signature = "iQIzBAABCgAdFiEE4kC1fixGMLp2ji8m/BtUfI2BcsgFAmP45h8ACgkQ/BtUfI2BcsixEhAAm17WTFd0KfIioFmLRtJCHD0w9Dk73Wtfo9dMDX2UEkotFhwvnbaEehYmaVIUQKH05dm8c7mAH/USTZxPU0IknBIgX6cy9t9rHsKND87FkgzmvLvJaryoV7UKCAwWKinAKxjjixJvIav+/3aNFf6DflMp1jW3zxRy+71c71bc45NQ3tYg3t4/1ChtZ+y/Gf4SplJlzWRZ0pI9qh2EAUJ2gdG7hnecHc+bEwRxCtte5CxqgAT+axrred1Ko49ZSmvWK835DRHWOfYghKEA2Dxh3gdLgy/5Qv1wykRgQ/O3ZVeCzprBtI1xpJIy3dasuRne3FTvBBCtYipE/id1wx2hrj4kkw1U0QXyGYkjvIDHzMuIH7uG7DA9fZ2f6ufWpBx3LhugamB3tnMw4VmoCxxBkMEtSWozX+ZLr9IdyXR3JEcHxhAVZdVGAT6pEQmVU70/9ZJsUPK7ZRsDjhYgteU1Dq7MMq1py43jIEe5Pj6r1xrDi4QfD+O6ID/SCPlKuiVpsJXLuTCK2Si1MXucN+R+AbNFO0Y/WoQzBEB0/P+hp/isHtI1lgwP9ETx7qJpP2pFeoVqy/YuJDhv0hU7Jr9pOorjYeTVhLiw7MfWr7ySmqkGmLQR1gESYDV2E3ACKGYnSlZ3+sA8YypZvLHCsQ87Vw7geNUKG839RIVSfeQsqiM="

[[package]]
name = "libelf"
version = "0.189-3"
system = "archlinux"
url = "https://archive.archlinux.org/packages/l/libelf/libelf-0.189-3-x86_64.pkg.tar.zst"
sha256 = "4e515e410f2ba7814043ab4a25dd4b93b040408cc69503c60fd4e33e2cc0edf3"
signature = "iNUEABYKAH0WIQQFx3danouXdAf+COadTFqhVCbaCgUCZMpLsV8UgAAAAAAuAChpc3N1ZXItZnByQG5vdGF0aW9ucy5vcGVucGdwLmZpZnRoaG9yc2VtYW4ubmV0MDVDNzc3NUE5RThCOTc3NDA3RkUwOEU2OUQ0QzVBQTE1NDI2REEwQQAKCRCdTFqhVCbaClJZAP4n+YyxUN1YrNlV77DP6PSHTY6Br2KIBxeHyfA7iYo1RgEAmIhiAWEb0wAz9Es42WbX30gzMKv4ZfsCXkNHA8W1GQY="

[[package]]
name = "libisl"
version = "0.26-1"
system = "archlinux"
url = "https://archive.archlinux.org/packages/l/libisl/libisl-0.26-1-x86_64.pkg.tar.zst"
sha256 = "b6f495748d9c877c15e47e9691e09d86139cd234e1990a97c531d8d8c9f993b3"
signature = "iNUEABYKAH0WIQQFx3danouXdAf+COadTFqhVCbaCgUCZCq2IV8UgAAAAAAuAChpc3N1ZXItZnByQG5vdGF0aW9ucy5vcGVucGdwLmZpZnRoaG9yc2VtYW4ubmV0MDVDNzc3NUE5RThCOTc3NDA3RkUwOEU2OUQ0QzVBQTE1NDI2REEwQQAKCRCdTFqhVCbaCkzKAQCFNdVbwWwjQ8+Ba+iGYklKxxlcAJoUXYPsy1OChLCUpwD+KsxGh2JyiO1aP5WOmsDBRXhqNB07z3dNBVwNL6GwNww="

[[package]]
name = "libldap"
version = "2.6.6-1"
system = "archlinux"
url = "https://archive.archlinux.org/packages/l/libldap/libldap-2.6.6-1-x86_64.pkg.tar.zst"
sha256 = "9b5f8d8fb5e326e5502fe7a5cf46f47e0e2f6a8f0d4cdd9285de2bb5f4cc60fd"
signature = "iNUEABYKAH0WIQQFx3danouXdAf+COadTFqhVCbaCgUCZMg04F8UgAAAAAAuAChpc3N1ZXItZnByQG5vdGF0aW9ucy5vcGVucGdwLmZpZnRoaG9yc2VtYW4ubmV0MDVDNzc3NUE5RThCOTc3NDA3RkUwOEU2OUQ0QzVBQTE1NDI2REEwQQAKCRCdTFqhVCbaCvAJAQD5Qq+gpBAm3uikxCf4e7q4i9g59+3Nij/Ywxt/ezEq9AD/Rq5squhhvxY8DaUQ1gnptVsMgFmvgZwkFKD7b6lBAwk="

[[package]]
name = "libmpc"
version = "1.3.1-1"
system = "archlinux"
url = "https://archive.archlinux.org/packages/l/libmpc/libmpc-1.3.1-1-x86_64.pkg.tar.zst"
sha256 = "a83324a476cae86887aa3e3811b2e72c31471a81be0254e379c244e2df531c1b"
signature = "iQEzBAABCAAdFiEEFRnVq6Zb9vwrc8dWek52CV2KUuQFAmOfE/EACgkQek52CV2KUuRNEwf6AkQRJ6MKo3+8qZ5DoL1AUfEbRy332+0DbmhqVAZAVR6SDYwr8yTYc5L9zWtRYA++Nh0zah4P6o3XXJISOfLLpQHGPI1jZ/1IGTJlCt0yo+KU891YfQQO95TCAa77oT9Njkxr6imF0vP5kR3PA5sEvqD0iCu69s0TQu2uzsVqigNmbWU3LVv47BrF1T+C31Oa6cRWmjDUtn2ls/jYn+BPvuCO9TyH/3d2lQ1CCM+H1cCDcxzBSmaYSVQUbM6x8YAdFKDZKEbwuiCGTwKIV5ZRar4UiiBdeuJzF0vSy51VdcZpvf30HU8VuJ2Q+mv5OfyHjt/HBCkEyn1b+XufIqb0Xg=="

[[package]]
name = "libsysprof-capture"
version = "3.48.0-4"
system = "archlinux"
url = "https://archive.archlinux.org/packages/l/libsysprof-capture/libsysprof-capture-3.48.0-4-x86_64.pkg.tar.zst"
sha256 = "afdecbe78e4214421e343eac2888784cb2a43cc1838a28686e6dff96a14da5cf"
signature = "iNUEABYKAH0WIQQFx3danouXdAf+COadTFqhVCbaCgUCZMpKGV8UgAAAAAAuAChpc3N1ZXItZnByQG5vdGF0aW9ucy5vcGVucGdwLmZpZnRoaG9yc2VtYW4ubmV0MDVDNzc3NUE5RThCOTc3NDA3RkUwOEU2OUQ0QzVBQTE1NDI2REEwQQAKCRCdTFqhVCbaCqfkAQCd9gPE8PUWDwoEGEMfB/LEJB/H54zIaCONDSiX6s6Z9gD5AV+WnpquGv54nP0cE9nlNuGXiFw3lj3tmrh5oMgPKQo="

[[package]]
name = "libxml2"
version = "2.11.5-1"
system = "archlinux"
url = "https://archive.archlinux.org/packages/l/libxml2/libxml2-2.11.5-1-x86_64.pkg.tar.zst"
sha256 = "86f75735ed68ea7495687560b850c2f5d3f369f5277283861182ed8c04b6b780"
signature = "iIsEABYIADMWIQQGaHodnU+rCLUP2Ss7lKgOUKR3xwUCZNO5SBUcaGVmdGlnQGFyY2hsaW51eC5vcmcACgkQO5SoDlCkd8eHzgEAyglj11Z3oMKUPCH0s56YcaXMJ2hfUyKQ1iFY44JOCeIBALCcqoNFri1qNInH3dzWfNjlbsmZMU0s9cQ8BVSS/bYB"

[[package]]
name = "licenses"
version = "20230729-1"
system = "archlinux"
url = "https://archive.archlinux.org/packages/l/licenses/licenses-20230729-1-any.pkg.tar.zst"
sha256 = "0c7f90edf074a40697f8c8544c0c6e932652f27c0f2d8cac1e986f9041cc35e1"
signature = "iHUEABYKAB0WIQSZH24/B2XPYpWIhYYTmwnaW/DTOAUCZMZOlAAKCRATmwnaW/DTOAIpAQCNqccRY6pm1svwyKkrgKQLDC7yPmIIl0/IyZl0bTHl8AD/Ur9VloLPnoQ/d2NN0QO22lsWNK9b7ewl/aHH/FrQUQ8="

[[package]]
name = "linux-api-headers"
version = "6.4-1"
system = "archlinux"
url = "https://archive.archlinux.org/packages/l/linux-api-headers/linux-api-headers-6.4-1-any.pkg.tar.zst"
sha256 = "93d28caeeacfcb6a93e5b1fc302b404f8a3b28a700fee675469125237cc85d44"
signature = "iNUEABYKAH0WIQQFx3danouXdAf+COadTFqhVCbaCgUCZMZ9Q18UgAAAAAAuAChpc3N1ZXItZnByQG5vdGF0aW9ucy5vcGVucGdwLmZpZnRoaG9yc2VtYW4ubmV0MDVDNzc3NUE5RThCOTc3NDA3RkUwOEU2OUQ0QzVBQTE1NDI2REEwQQAKCRCdTFqhVCbaCpkWAP0Sp8VVHIjFGF2FVlY9WrqnSQPqXxuHbZlQI2impL/7aAD9E5XrM86uq0nhKIoL1P3O+4ByiIz1kNT65JB4or6moAs="

[[package]]
name = "llvm-libs"
version = "15.0.7-3"
system = "archlinux"
url = "https://archive.archlinux.org/packages/l/llvm-libs/llvm-libs-15.0.7-3-x86_64.pkg.tar.zst"
sha256 = "1dc2ce660bff783a02e1e5022ff4cd73917bf22a81038ec9443d3c6c4463fc2d"
signature = "iQIzBAABCAAdFiEEtZcfLFwQqaCMYAMPeGxj8zDXy5IFAmQxBQIACgkQeGxj8zDXy5Im1Q/9FRCsXHIBGMIG77v2YRqjFA4JgcHTMjHDmSEER/WCVzFJSx4lhXO6v033DqZkODl7osVNto1KsNP4BTMJXkVR+KwrBAgoDTg5geruc5kZ60KkkmAkRU/7puaRbLj1uuoODVcAV2IuFjN1ezS3LBP9O47rfzcAP9GhR7Xrfa50ozX7w1HsfEV11MAujI7sfNZTn94/HdkQfZt9Q63+bniI+B3XPbR888sVbvEquQNISPYpGTPELDRlcJk8/Hf9USQXtIPMlpDLoYaQG3DT5zuI5DjgQKD/YugbehQQNsLZb3sKrygC+8hVSiY46QIWQgjBzJp1Ovk2ge8sofW/qlh8Z4CcqVQICtLj67xq57Y4L6DA9XsPwSe35y7fyspU37ikisQq/ssjyIudOqeWIhOVGmRBoQHhLg+ISJSGZodBjSwjor/RBa1wy9qE99a6SUXLnWBXKjFMHKcZwD/XewcR73QQdOFaT695AG1tz/QPleIMUGnJwVLdS4bBrCSeCBqY585GzubSErglPrUMeQZOSq6TGpK9PxJuK785t6DL+v4r1Ipzbi6etVU7GZUdOIS4xWbH+nPY/qFOB8JeJatK6I0IOOh/DmvJsXPfQTAcOnDuzyJn+enhd+cx2te+FBLu1z174p6iexf+Vh7k6DjH0fYCmoGJnLnRVlmgB5GGW+g="

[[package]]
name = "make"
version = "4.4.1-2"
system = "archlinux"
url = "https://archive.archlinux.org/packages/m/make/make-4.4.1-2-x86_64.pkg.tar.zst"
sha256 = "7c1bc0d882f7c8d1bcb305eb7efaabc19ed6afa5a9a443575fa0d5ed57985535"
signature = "iHUEABYKAB0WIQSZH24/B2XPYpWIhYYTmwnaW/DTOAUCZBT0lQAKCRATmwnaW/DTOKwJAP9/kfT3rO0NhbD8wuI6ajzjyKtrl4SfuU0yu/PKByXQOgD/aYSvsyXylJhCadU2smO4LbP2Vj9fnIvEwPvbXbesVQ0="

[[package]]
name = "mpfr"
version = "4.2.0.p12-3"
system = "archlinux"
url = "https://archive.archlinux.org/packages/m/mpfr/mpfr-4.2.0.p12-3-x86_64.pkg.tar.zst"
sha256 = "2cfacd32154af9fe9d565922661f172a657a9576ec98210a1819c7c6f5cc3ffa"
signature = "iNUEABYKAH0WIQQFx3danouXdAf+COadTFqhVCbaCgUCZMpL918UgAAAAAAuAChpc3N1ZXItZnByQG5vdGF0aW9ucy5vcGVucGdwLmZpZnRoaG9yc2VtYW4ubmV0MDVDNzc3NUE5RThCOTc3NDA3RkUwOEU2OUQ0QzVBQTE1NDI2REEwQQAKCRCdTFqhVCbaCp98AP9bBykOalHvkfreQ8hRMgiX2YLyQ3Sor479KBukd4gbDwD/UedGKcxUbM4Z+5StbBqKWt2JkTTNS6erEvADpPzirgg="

[[package]]
name = "musl"
version = "1.2.4-1"
system = "archlinux"
url = "https://archive.archlinux.org/packages/m/musl/musl-1.2.4-1-x86_64.pkg.tar.zst"
sha256 = "f585ddabdfde5a29b88193827ccc597f74feb878723da9ce813d882c956e19b0"
signature = "iQJLBAABCAA1FiEEiee5MxxK59f699MFwTIpOVS75K0FAmRRZ5gXHHNwdXB5a2luQGFyY2hsaW51eC5vcmcACgkQwTIpOVS75K1VGhAAwoRqJgoycDFQInlZtrXoreYRhFdIJhknGCtsAWgGvYY5CDrEXQwUR3zHpYahzka6CbAv8aZdL67CIZELQ55f22xFyAIyeBLGl21QsI/A3Isom9+IVrOOsIc1+Z5LNp1LTZkAPiK1j06NWkaRpzL6NaFeUf2ziq8q/3lDfXaalyTmy6hV29ZMp8Gsa0gcsCtremCNJXVRwOB5/Hs9a0YJwOheNHuqEc6Md08N5rrE+HkTxMJB62FZn9ta1UqpejnvLBr5Q5yNKFsDuc67ZY6AIBlS/x2iyPDidvzbULj+5fs+4wllkK0svUCUHcKjBjFazCMX+bzS80EymuyzB4dkPxAxJ2/RVsXvFkhquKzAcFEOyZ/CiJiaRfeTZHzcmA1u6tjcl2wopc886wJgX08YqJrlXNQ5jbgo3jkHCUWlVYau7IF9pb+cekgPX6ut+n4ZzZUbaP0yahmzZq5gPsdHf0uKQoVjgxxGhWz6mrllpy/EeKVks0bj/fiHE9Czn0naLoaO5Y5ww25lg3DrAW3GfgTepRW0aXEoecDM9izGkw8D+BqUyV79z7qE5El/ndymyL8dOxzIFIMNFJePzg2E/Av7inXMV3H6gFs6Tw/LmbzQVi/RRO6k4Bill3Md9udh+0waEa70Gs9n2dxNN4C8R1ubeA2yDzQim0ua8caOmT0="

[[package]]
name = "openssl"
version = "3.1.2-1"
system = "archlinux"
url = "https://archive.archlinux.org/packages/o/openssl/openssl-3.1.2-1-x86_64.pkg.tar.zst"
sha256 = "a72d3bad500752b03b154e4f93fe3d809a4081d72c571c4d67c7c911bd2f2f6f"
signature = "iHUEABYIAB0WIQQ+gMoai4n2nLpX2Yp2pe+QVESaXAUCZMkgUAAKCRB2pe+QVESaXL97APwL52jcwCSn8YjpE4OxiU+qYvu5Kk4EmE5ynPhuNAvPnQD/Ym7uBtyg7W9TVIJTMZjbn8cG7laUZ8v4dJSZFKlpfAo="

[[package]]
name = "perl"
version = "5.38.0-1"
system = "archlinux"
url = "https://archive.archlinux.org/packages/p/perl/perl-5.38.0-1-x86_64.pkg.tar.zst"
sha256 = "9d2326894be133fa8d6485ab506ae01ab8e7a632259213746a97590b31fc84b2"
signature = "iQIzBAABCgAdFiEEz6avFeXHQUn8HYwIbRZVwUzhwT4FAmS/A9cACgkQbRZVwUzhwT7vfA/+KUjLx2j6zBDr5Vy/Gsvq8WvIzOoFHmhkdx4TOXX4InjxCtfVAM+d9Ib3Gz89VbgTyy2kmc6Q1j/aHixQEL4+6Z1VOLZCZTw1iXT+qdbQA/c++Q0QVTytAywbs4dgZMKbAqjC1YrSHRNSfc1Xxvqr5JpX0mPMfjUQltL10wWdjTTJ8i4lGEnQwLfIRBw0kafcwDZrT0zzjHWVTwXv0906/ivsI3tYwq6CZdPC1+ZqW855yxUC6o0UMMGRdbae1J2x4aZZxyCjaE/YrywdN88KQnw1sp1qfnESvj0F9NGSRVqXYlobSXUCI8QF2iUhN2Unbw3Bko5O5DstjWczCUWvBCxt+1QcWqVJA2iVpevvKAgkq6xzwTwRBEoXR0HWK6EEKGIkaoJROrX2O1sMkEgmYuQ7y9BtvVXNe6q7yuMs12rlqLXcgJAQj/HiAcgKolNuEArB4bgwliT0I32GkUkVex9HHDl/vK7gKnSAXIpZoPtg1VmJr8iQkudHDM6VR7ddGBq/8MhGHSXyKyXhUkNIsInmF7xQ1BKxIpGmn2TKuJ6HRJxn8ylAORGv4977aUqLhnFxRyvLt/LvJsYkeo0OEGpKVEGZzZ4cre7rOmE2VBCqMw0HS37GFQYOZ9V+yCZUMEJSHSpevtOXA6U+GDaIU60VB7zwVQ/kffPZYbEiRhA="

[[package]]
name = "rust"
version = "1:1.69.0-3"
system = "archlinux"
url = "https://archive.archlinux.org/packages/r/rust/rust-1%3A1.69.0-3-x86_64.pkg.tar.zst"
sha256 = "b8eb31a2eb80efab27bb68beab80436ed3e1d235a217c3e24ba973936c95839e"
signature = "iIsEABYIADMWIQQGaHodnU+rCLUP2Ss7lKgOUKR3xwUCZExVKBUcaGVmdGlnQGFyY2hsaW51eC5vcmcACgkQO5SoDlCkd8fQkAD6AudRi2qP3WxSn38OOkSRSITciqRevPaVJgrz03JUBEAA/12h9z8dReD07Lqnltx9QTa3Cxppbv7VpJlTCQuavoMG"

[[package]]
name = "rust-musl"
version = "1:1.69.0-3"
system = "archlinux"
url = "https://archive.archlinux.org/packages/r/rust-musl/rust-musl-1%3A1.69.0-3-x86_64.pkg.tar.zst"
sha256 = "5a4854cdac8312dbf72fb87795bcc36bfb34e9218944966e5ac2e62319bbcf22"
signature = "iIsEABYIADMWIQQGaHodnU+rCLUP2Ss7lKgOUKR3xwUCZExVKRUcaGVmdGlnQGFyY2hsaW51eC5vcmcACgkQO5SoDlCkd8cCMQD/W59RkOVPZDXlnmyY27jW61GC86hXOkSLOKa7XMQtpBoBALSugCkG1clSo/EQDbnuS+UY3268HNBvz6mF6i/hhEsB"

[[package]]
name = "systemd"
version = "254.1-1"
system = "archlinux"
url = "https://archive.archlinux.org/packages/s/systemd/systemd-254.1-1-x86_64.pkg.tar.zst"
sha256 = "52b8f807841b7df7d865ea838969165e7f05b06869435fc37762652ca269adfc"
signature = "iHUEABYIAB0WIQQEKYl95fO9rFN6MGltQr3RFuAGjwUCZNOe5AAKCRBtQr3RFuAGj/VhAPwNuOhzKRPYlPvHFX6GlODMLHhQcQjBUxHjnwfxFaTJaAEA8pedTxMGVTbOpr9X48Qp0s7YdNwH8Lzl2s8OJhELMAg="

[[package]]
name = "systemd-libs"
version = "254.1-1"
system = "archlinux"
url = "https://archive.archlinux.org/packages/s/systemd-libs/systemd-libs-254.1-1-x86_64.pkg.tar.zst"
sha256 = "2691d25b17372d8c364f797762ffa20ff41032ed201752b2d9afb4f924f8b5b8"
signature = "iHQEABYIAB0WIQQEKYl95fO9rFN6MGltQr3RFuAGjwUCZNOe5AAKCRBtQr3RFuAGjzJgAPd+Unhwy7CFUfyBBIxa6gOt6WLBL4Q2o4AqGJJkR9BpAQCv9ZtQ09LhZf4ema/Ex8s9l4xYOYnZ3zRsnet993ChCA=="

[[package]]
name = "systemd-sysvcompat"
version = "254.1-1"
system = "archlinux"
url = "https://archive.archlinux.org/packages/s/systemd-sysvcompat/systemd-sysvcompat-254.1-1-x86_64.pkg.tar.zst"
sha256 = "a1b1d78b43fffae993d8cfd40976df2c83402083b9590d523839f535a73a9109"
signature = "iHUEABYIAB0WIQQEKYl95fO9rFN6MGltQr3RFuAGjwUCZNOe5AAKCRBtQr3RFuAGj4LqAQC/q5mr8lgdHxjwP8R6NR7gCZlGBvpGtamBW3O9dintRQEAom0Niy7wfyWlOlsl+V+lA4Myf4oPHYE4q81IGC/+CgI="

[[package]]
name = "tar"
version = "1.35-1"
system = "archlinux"
url = "https://archive.archlinux.org/packages/t/tar/tar-1.35-1-x86_64.pkg.tar.zst"
sha256 = "c4103c42ae8825ca9c679cb23e088e750c0df67aaa02e6e0164fc198f44c61ae"
signature = "iHUEABYIAB0WIQSTtRpKFHmOS6hn0ULluymEcK1OQQUCZMAT8wAKCRDluymEcK1OQT0pAP9/E2Wsq+dPo0gG/rPJGdNK/9OomXskc2I2ktEs5TbEnAEAwGV/vG0bpqh2+I7+x0UEbPcbKdVpkPT8UL7wK4k1QQM="

[[package]]
name = "xz"
version = "5.4.4-1"
system = "archlinux"
url = "https://archive.archlinux.org/packages/x/xz/xz-5.4.4-1-x86_64.pkg.tar.zst"
sha256 = "cdda098368bcb508bbce77bb41ef5930ece769d440eac2350e8ae7f4607d81be"
signature = "iHUEABYIAB0WIQQEKYl95fO9rFN6MGltQr3RFuAGjwUCZMq2IwAKCRBtQr3RFuAGj/PQAQCFBotlapDBNzZslbJs6ejiRwuiHnaCwa0cwQyiPh9TaAD+JEVZuixvbYCc2DNtxO3cNqvKBMz4lTFzxBGHuZ70wwA="
