[container]
image = "docker.io/library/archlinux@sha256:32c78c548c1a3f9db43bc25fb9f47d8bf5efff49a1da3810bb60790b4202d657"

[[package]]
name = "compiler-rt"
version = "22.1.5-1"
system = "archlinux"
url = "https://archive.archlinux.org/packages/c/compiler-rt/compiler-rt-22.1.5-1-x86_64.pkg.tar.zst"
sha256 = "247d72e99e3ebbd46f8e14e162a6d162bdfcedf500af61b5a426aaab668e5320"
signature = "iHUEABYKAB0WIQTS6V/sAVzx+RGqqww9TFAIu1yNKQUCafy6uwAKCRA9TFAIu1yNKW0eAQCtpYK/Klh3WdzGiDlzLd9IIQ/JoKHpUSJJWgEw24dXvQD9E9ZycrdYnou5D7fiNRW/QdjhnZasOGOQTLpR5OYcTgA="

[[package]]
name = "curl"
version = "8.20.0-7"
system = "archlinux"
url = "https://archive.archlinux.org/packages/c/curl/curl-8.20.0-7-x86_64.pkg.tar.zst"
sha256 = "9a09dc5796e83f129d032b1d831a85b276f8fba50f430ba143993a9ed02351c1"
signature = "iHUEABYKAB0WIQQhkbiUMbrAqLlt6T0kR0DRfH/Q7AUCagQFsgAKCRAkR0DRfH/Q7OwhAP9B0lR3HVc+slsyqzSpNWbDQm1NthqqC+FLqBHikFtunQD/RpOcbEoR3dziSTCpRd4RLqhVjFwsdoEigyInVd2qNAU="

[[package]]
name = "db5.3"
version = "5.3.28-7"
system = "archlinux"
url = "https://archive.archlinux.org/packages/d/db5.3/db5.3-5.3.28-7-x86_64.pkg.tar.zst"
sha256 = "abac3474e766fa8a36fcae945f5e8c8e818665fc41a56daff92db81cd176d389"
signature = "iNUEABYKAH0WIQQFx3danouXdAf+COadTFqhVCbaCgUCaZIh8l8UgAAAAAAuAChpc3N1ZXItZnByQG5vdGF0aW9ucy5vcGVucGdwLmZpZnRoaG9yc2VtYW4ubmV0MDVDNzc3NUE5RThCOTc3NDA3RkUwOEU2OUQ0QzVBQTE1NDI2REEwQQAKCRCdTFqhVCbaClcoAPoDJLZfBd7ejW7ngJgPscbeeGuqCsP9OGH7/uruazjFGQD/YCN82i89aSp4i2p3+T/o6C51GMSrOscJJEL5ptcOmAU="

[[package]]
name = "expat"
version = "2.8.1-1"
system = "archlinux"
url = "https://archive.archlinux.org/packages/e/expat/expat-2.8.1-1-x86_64.pkg.tar.zst"
sha256 = "6dc98b2806cc8f7cd1e2e02b0ea83c2f209c2823eec1108f726bbf88b37ab563"
signature = "iHUEABYKAB0WIQRizHP4hOUpV7L92IObeih9mi7GCAUCagD5WQAKCRCbeih9mi7GCBOOAP92U0uk2Bc/gn1WiEmNSnKALCfmhdEaq0qvWOYF4Gf7FQEAyrljq6VtjMvFDcrDZZKpFi1JA1JchE7X4eVwIhGYxg8="

[[package]]
name = "gc"
version = "8.2.12-1"
system = "archlinux"
url = "https://archive.archlinux.org/packages/g/gc/gc-8.2.12-1-x86_64.pkg.tar.zst"
sha256 = "f81f6053b8986150529ad125827f00cc8f7652f827cea34fe3f0e97ce078434e"
signature = "iNUEABYKAH0WIQQFx3danouXdAf+COadTFqhVCbaCgUCaYTRLF8UgAAAAAAuAChpc3N1ZXItZnByQG5vdGF0aW9ucy5vcGVucGdwLmZpZnRoaG9yc2VtYW4ubmV0MDVDNzc3NUE5RThCOTc3NDA3RkUwOEU2OUQ0QzVBQTE1NDI2REEwQQAKCRCdTFqhVCbaCupJAQDxV7Cgb4mT88rVugSSNl0IZXeGsscXl5AdcpEiySPX8AD/TnTBJQ4PaBHMf2yg6MlvOx3UoY0mM7WygHcEp5Eupg4="

[[package]]
name = "gcc"
version = "16.1.1+r12+g301eb08fa2c5-1"
system = "archlinux"
url = "https://archive.archlinux.org/packages/g/gcc/gcc-16.1.1+r12+g301eb08fa2c5-1-x86_64.pkg.tar.zst"
sha256 = "80ecc89c7ca567a2c1d460803e1efa434040861f824c34d8fe7000bf27ad82c0"
signature = "iNUEABYKAH0WIQQFx3danouXdAf+COadTFqhVCbaCgUCafS5tV8UgAAAAAAuAChpc3N1ZXItZnByQG5vdGF0aW9ucy5vcGVucGdwLmZpZnRoaG9yc2VtYW4ubmV0MDVDNzc3NUE5RThCOTc3NDA3RkUwOEU2OUQ0QzVBQTE1NDI2REEwQQAKCRCdTFqhVCbaCuUiAQCgvoBNp3cS3853nVXfsTs+d/es9OS4BeQYBmVGWL6r0AEAlA6Udb4ZVS6Bhrn9tDrQRVWgGw/cqRgWi4boE2D3rAA="

[[package]]
name = "gnutls"
version = "3.8.13-2"
system = "archlinux"
url = "https://archive.archlinux.org/packages/g/gnutls/gnutls-3.8.13-2-x86_64.pkg.tar.zst"
sha256 = "381e8679ec096bba9d25e6bf8de1d186b1f46e892215aa2a63e1582c34a036f1"
signature = "iQEzBAABCgAdFiEErcih/MFeAdRTEEGelGV6sg8qCSsFAmnyXAQACgkQlGV6sg8qCSuSmQf/XhEm8evSbwYD2cyGzAO1f0FgQDIjwmsO6GIw4K1aiJM0jaIseyly/2a5JMCPvqyiCTpk4Fu1iKGahPhkqV5d5MML18z8l1BA/K2hbLH/DM50W5klnLGHmR8MzL3fbvtmsIofgvmrLcVwXmm66S/Rp7fHnz9JsESngJ5GYtJLg+vwQ4wXs8q8neoYolAUgnfWoziBXm7LMoLhcvkjsdkIO+On7u1Vv/ra+mMCbRf7oTa6EoNNMv4/0GGHIzqMAnm6/eMLurk2sPjIQipfj8lcwbBGNo9bmXAQPSKrXfWtE5Kfi9xl5uo54d2unv87oeInV5MVdUShgAH3W1d9L0zwMg=="

[[package]]
name = "guile"
version = "3.0.11-1"
system = "archlinux"
url = "https://archive.archlinux.org/packages/g/guile/guile-3.0.11-1-x86_64.pkg.tar.zst"
sha256 = "dbc4c775e0474a5ac8784aab95a77f6fd23ebc930abea34c7a5e0f83dd00873d"
signature = "iNUEABYKAH0WIQQFx3danouXdAf+COadTFqhVCbaCgUCaS4I218UgAAAAAAuAChpc3N1ZXItZnByQG5vdGF0aW9ucy5vcGVucGdwLmZpZnRoaG9yc2VtYW4ubmV0MDVDNzc3NUE5RThCOTc3NDA3RkUwOEU2OUQ0QzVBQTE1NDI2REEwQQAKCRCdTFqhVCbaCjiKAQCqa5N4msMDL6n3cQiVw8Cs1Jlda8Gtsf2O19E55qxHWQEA/Rl+8nsXY1xsUedEIo1DwVhhaLvCEafsKjFk4d4mMwU="

[[package]]
name = "libedit"
version = "20251016_3.1-1"
system = "archlinux"
url = "https://archive.archlinux.org/packages/l/libedit/libedit-20251016_3.1-1-x86_64.pkg.tar.zst"
sha256 = "62fd156cc247c3feb8a750efdfbf5842d9a7c07327890339d4342095d6c86f51"
signature = "iQIzBAABCgAdFiEEtZcfLFwQqaCMYAMPeGxj8zDXy5IFAmmnYnMACgkQeGxj8zDXy5IRKw/+M9+I0lNV6GAHsqFT85ZxcO1HhZux3sdo1/PZsT81Tana8kud9jHGjDfS7zOItz6a0pJ7Q/7CL5BKUd7T6TKLjhFeuiZeBfREiiHqXoXnFopZZzEiXGLu0qDjS1Q8jPfs3BydLIa7niUx6uCjDBegULZkJgyEg+zeUc60tzywrb8/Ii6/MKazq7dmMVU6F+ZQH4Nv/jovsnT6RWS0YexKF0qMZzDRaUCZs7pHkllQJCWPa2O3OdUEhTopKxqWn5UeeMmdeIyyqy7cBhGKmQbbK7wxhQkIpK3Q2By7fLldeXOsrqD64xHXL7dupuXqI+6U/uO8KsNhbJRY2JRI2nUsqDwM8qxoR9OTpjJuBbFX6PzpgluB9c0WD/ISO60o/bcd4iXdkfCb66Tk+Oav6dr5tRVj7ifFzrmmV4Av6UMwtajKiebckOc4WXmgAd4Rd8uMAecFS+Mz7ZIKwaJkFRHGa7L57FpLAh0ox58cILYdqXJdUcwT4vTQvKEXO3ZIvcKmQBc8PhD/iSjEln5KcQy/2B3+e2n3gsVbggykMYHhFY6ae1x2b5Knt17NqCLTj/ITbgAdsrBFikkRCUKHMKthz8YcSYL/tUkrSd0AmxVMteSZUO19bqj0ZTwrU2eI2zqPon4j2rhAEEpohfpfvPDoOvronFeObj0S+nF4IGbmzp8="

[[package]]
name = "libelf"
version = "0.195-1"
system = "archlinux"
url = "https://archive.archlinux.org/packages/l/libelf/libelf-0.195-1-x86_64.pkg.tar.zst"
sha256 = "e7faf9dc2d9dab8975a4a95ce0804c45b3fe69c1551ccb4c05c52003cb2e75c1"
signature = "iQJLBAABCAA1FiEEwQA0ZnZjToDJQPuenAL/QZ/svhYFAmnjfU0XHGZveGJvcm9uQGFyY2hsaW51eC5vcmcACgkQnAL/QZ/svhbxqg/8DGBgcos38yvljfVizgfic9tpeMU2aFipOy0szxl0drQsC1SNO9LoYimjK0zzyQCPtqrkAFjoCgStV9gq6xn8zry2NfvqYuDXYcshlbZ+ey5zNzjtMwsPyXtONSeexP4KI2EzKy9LhUQeF2SMs/W4inS2r1dxlLnfBvZhJghdO3e28Wz08zw+KbizhIr1b/dtD9W8+kSL3flKvFj+4WDWdf+4vWPJIqUy2VEl8gkvrZpRPMimrog+9PvMA778PqCTCoX6EenIhno9rhx8MFgFWHIP2xW3PKPgmhjOCtH6s1zxCN5zYS1i8UCfXmGj1Rp4KAUstphXFOKuLjmMHxllftlvI0HvMhdEC0N/8fHM/wa0XqxBs/xn0ysqBSoRp2fI/A3z5D4KOZCIPYFeL02wzgolK6bl65vZK80/HCToyyNxv4rH9r4Ka5+Hr1nEd3CDwKmjDMISJ7JTBzv//qpQwuqLP08I2ZbqaP6XCN6i5e0CSNMpG6/OTynn1zQ0NDTpBTGByVQtowko0VqmHdgkly4GPKqCV7IrP6R+tJmpbnFVwkRgs3up9xlDnphp1oSM4jLSUNPMlQqMyyCNzz0lGpBMmshhfgVFN9iePfe6ZFUh64OinzikJxjEyWvHkfbz15gB5j986DwYbhkA0Td8HEOWU1sLfdYB3SfI+FcOJJM="

[[package]]
name = "libgit2"
version = "1:1.9.3-1"
system = "archlinux"
url = "https://archive.archlinux.org/packages/l/libgit2/libgit2-1:1.9.3-1-x86_64.pkg.tar.zst"
sha256 = "676caaf7c963aedc46db0a3475064344d9eea74fe0d8429c6c6aa438b5d00a7e"
signature = "iHUEABYKAB0WIQQEKYl95fO9rFN6MGltQr3RFuAGjwUCafl5IgAKCRBtQr3RFuAGj5YOAP460nYsYISWcglMsp+ZuvB1buTRmP3N2GpNDO88QKnhLQD/WONQLtk1BqMrG09NepuDz4/3AVnri64jDURi+t6i7Q0="

[[package]]
name = "libisl"
version = "0.27-1"
system = "archlinux"
url = "https://archive.archlinux.org/packages/l/libisl/libisl-0.27-1-x86_64.pkg.tar.zst"
sha256 = "55a36e8195e6d9ce2efeb4276c60df6b6e7d94812fa36f8423d5ce664a5d34df"
signature = "iNUEABYKAH0WIQQFx3danouXdAf+COadTFqhVCbaCgUCZtWJeV8UgAAAAAAuAChpc3N1ZXItZnByQG5vdGF0aW9ucy5vcGVucGdwLmZpZnRoaG9yc2VtYW4ubmV0MDVDNzc3NUE5RThCOTc3NDA3RkUwOEU2OUQ0QzVBQTE1NDI2REEwQQAKCRCdTFqhVCbaCgPbAP9GNpnE0ra4qZOGYyJtfnyG42f8Z9dLpX21F/sY/a2UCgD/dz8x7harwjTofWctVHyyCacJsLhSq2jvSfrvvL4H/w8="

[[package]]
name = "libksba"
version = "1.8.0-1"
system = "archlinux"
url = "https://archive.archlinux.org/packages/l/libksba/libksba-1.8.0-1-x86_64.pkg.tar.zst"
sha256 = "9f0edb97199189416356d1902be4ca605b5bc71525f1604cffbc5d6b28894f3c"
signature = "iQEzBAABCgAdFiEEW34/txt/EDKaHAOrdx32Yn7faB8FAmoEdioACgkQdx32Yn7faB8v7Qf+MBPlZW/IiyHhGPPNRXtTHBsRmnmVVJKAffMslsO9VGEA7Aldgj4f7oaWiEiuLB+iT5rw31dEKueDAmOvLbpd+pMUcSwQKY7OpC0Zy3GErM4USFHMjC88v/c0AXAYBcAr99lHSLZG6IIfXnMmfr5p7NMwlJVidTFl8yqkPgLYjG1mG/P5tKlkqocWxwS+I+/CJrfEQAqBrZ20AUsrMhUQPivKUU8SUeUIOSF4c6ior8pxuujt9C+3VGkmdmIPyA7MJzikSzelkQMoau/kTGJBjkbd8D8kBiRyz67WNxXVdkcYUrd34Jiry0RZy0wZZfl80z6VlBh8KBoOnenrKQhUJA=="

[[package]]
name = "libmpc"
version = "1.4.1-1"
system = "archlinux"
url = "https://archive.archlinux.org/packages/l/libmpc/libmpc-1.4.1-1-x86_64.pkg.tar.zst"
sha256 = "880bdba957ebe5136449c7b61821e92628d7bdd43f370e5a0818d229372d3851"
signature = "iQEzBAABCgAdFiEEFRnVq6Zb9vwrc8dWek52CV2KUuQFAmnhAlsACgkQek52CV2KUuSBcgf9E61NpAV+F+wHPlOgZOT9yurZAhQwUNd4SRQkNEFrbyMJ1C3Bu9vUayr05Q+MxeQ8/J0W5aACrWSOEAtvYlu9vfmzbn7/S9rHtH9fmvmj46hZemo48cVTq9YTQA1Doe5e9j3DTOWdEsWv7XCMSIXGI2RdIXYB+TH1DLNi7B95EwDySH7SpznjH+SGv9ttVMsmAChRbGR3fIVi6hz6OgSGErFJJmTI5jwt06U6L7Yhl/4ybvYXuh1DGhdFpNhJBGLcYmQhBhv3OGa2dwj051fEjneL2PK80u4nmc+3dP7cOW3pY8jBDpOVfRvnAwiY/NuJMK1YK3iFd3YbYQnuu1D2cQ=="

[[package]]
name = "libnsl"
version = "2.0.1-2"
system = "archlinux"
url = "https://archive.archlinux.org/packages/l/libnsl/libnsl-2.0.1-2-x86_64.pkg.tar.zst"
sha256 = "4ba7b85b42fbda5a1f07e15b8f91c60faa4c5f9168cc27d49fcd20e3a3be8bd8"
signature = "iHUEABYKAB0WIQRizHP4hOUpV7L92IObeih9mi7GCAUCagTnhQAKCRCbeih9mi7GCDN3AP0Yw8i2ltzdbfDWBI7G8PkupBsWbdPVgtk4iMzM2X2e1AEA/ZaCdHasuRDn/iXGiHAMv2Po//LZy1L7h1gLDeRW7Ag="

[[package]]
name = "libunistring"
version = "1.4.2-1"
system = "archlinux"
url = "https://archive.archlinux.org/packages/l/libunistring/libunistring-1.4.2-1-x86_64.pkg.tar.zst"
sha256 = "582625bc02e710b587f4ed319e5c7ad29fd5d4d424b6384f125fc094f07ce590"
signature = "iQIzBAABCgAdFiEEtZcfLFwQqaCMYAMPeGxj8zDXy5IFAmnepI4ACgkQeGxj8zDXy5KkoBAApeAeAynFec4onsAgAhXLh5Ru3mhefS9/Fqd776JQu0TRz+NfdgXx2+SaoTL4KgQdFpb9TQWP1WizTRiDWVJOjEXU6EshOYkCgZZan7icD9FvlzJSW+9k9aQHanDO9OVKeW+sINsAbuMY4IjUV8MfZwWqTkYDoOV3t8E8Exsg2OUIg+gmLQuJc5GI8P0ISPEa5tFOCi9H1O3x8e3fsesdfNak7YT/DRQhyQeyZwlsrRfGQR/1+vksmsiNC8x3677/HKADvfhgAXVxexHP+gTyxoyQ70KZswK9WLF4fLHYb1z9e2rl0OIt3PdQkFtgWw4U9UV4dnqgJi8P9fareJhVv6k8P8lOrsV5CLnbBVZ1hHAaSfmDpCDEa+ceuHHPJSciLD3O9nUX16il2UzrT2tDLZA/wkVMAHzChgXPikdmFc7lwNAEhd4ug7+qMBBFiDDp++cG8WQFfe6JInnBwSo39I+9NCHWq6OKx+Wavdo8WvzgST29B2V5xJgt0jN90a0aQioesA2ujnjKzNe55msNJ3TSz49QQbk4xUumXiHym3CGQ6LuZIDdNbFEiRMf5IU97BWdJ0loM3VW/7JLQEVZKAhYrr0T6GhXHB7Tr6wNywDot/P/lvUVNSr5u5S95ENOZgbysc0Lq12v5Jt+TDnyvEFm9/32UEN39DLLEnhdeAo="

[[package]]
name = "lld"
version = "22.1.5-3"
system = "archlinux"
url = "https://archive.archlinux.org/packages/l/lld/lld-22.1.5-3-x86_64.pkg.tar.zst"
sha256 = "63ee376649e81e82896557965aea3b580cfc586bb0aff9ea7e1323df60b79b62"
signature = "iHUEABYKAB0WIQTS6V/sAVzx+RGqqww9TFAIu1yNKQUCaf8l5wAKCRA9TFAIu1yNKZIZAP9x47L46/b1+pD/kAX3GSy4S6AKKFeOMzPkmCNiuIv6cQD9GUHaZjFuVBcQOYu6LcoQpD9ZxRXz+yvYN7mYxwDwvw8="

[[package]]
name = "llhttp"
version = "9.3.1-1"
system = "archlinux"
url = "https://archive.archlinux.org/packages/l/llhttp/llhttp-9.3.1-1-x86_64.pkg.tar.zst"
sha256 = "e93332a577aacebdef11d0626df9a4f45dd6468187309693ccaa8de1547dc71c"
signature = "iQIzBAABCgAdFiEEsNZSlUdmBrcfDG+CqF6BHrTKLggFAmmQzoAACgkQqF6BHrTKLgjUNw/+KlDsMf3ITF8QKgoEMWg57td+bZVbLijaRgOWlbJozcO76Ri8mOhCOv+mIpT/H44upsBeCHkooYi1YmV48m7vLbtBPcqKpr5d1+ccfh3BTzPZXZacw5jUASifAD84M2w4g2GrvrfUn4lFvy8WAYWUmYLEKdMIXVR9abV0M+B8yrNxgeyPzbHHlleJ9tGHHVuTV99GbRsA5HktkrknfoLKZnzMt+jk1uqhqLAPZaSJ41oFwhRyEkCXqOUb2kEqlSJo6Y94n/ipy50pk04RjiB5D75VTm/lJHPBFOIH/bA20K/G15EBH7ql7D9M/tFWaBWaErlTSKf/hT+x8NIf913dcnCxzDBwinMUnrsiJJyp4gSa+dRKgu6BOuF5z35neZVLYHNtyhQmWGzMc0J6w0mhLFqglhEFen+G9NMTfhu9agvxHAZKgA3hnZEsBs09F6XvgZN5jA23pNUKL+lw0hBd6zgPM5yILHVXsBPgGuwr7NjvfBKx10z/uHRz+Jtvm0r5KSTlq4pwz1sWNoSwKQN/2Hb8YdEw1DLoxYXSpDcDtPhUGqZz4wExfFoC+Qo2M1hp7zRTRrRkwf9S8Lnx7IxEX9Qv0miqoJTEkB0TnIsLlg2sT9AISOMHbB6eMyPLscS/PYB3QzJ4uv5RMQx1zJ7GuY7XahJGYY0moYFfcrWFoSw="

[[package]]
name = "llvm-libs"
version = "22.1.5-1"
system = "archlinux"
url = "https://archive.archlinux.org/packages/l/llvm-libs/llvm-libs-22.1.5-1-x86_64.pkg.tar.zst"
sha256 = "4694118dbf5704a482c82bd0ea292f891068ef36935f897bea73743187bc3482"
signature = "iHUEABYKAB0WIQTS6V/sAVzx+RGqqww9TFAIu1yNKQUCafy4/AAKCRA9TFAIu1yNKdU1AP9hn3ew7dYYkgFxQ6Q6rgETUJuASDqZmiBdG4kQMamFXAEA5dNjMQIMAAzyugJHR0bMzNjJeJ4kz3jN4mG43qcttww="

[[package]]
name = "make"
version = "4.4.1-3"
system = "archlinux"
url = "https://archive.archlinux.org/packages/m/make/make-4.4.1-3-x86_64.pkg.tar.zst"
sha256 = "b03efac9175b986a5f29302336fb1271874464644de3191e6a40079eb8cc5276"
signature = "iQIzBAABCgAdFiEELjbYYgIhSC/EXLfyqRdkdZMmtEAFAmnaRRkACgkQqRdkdZMmtEDRLA/7BjiS9bh2OQqIhpLnFJSSPNtxSHbFHBoKPsIkXrEj7zSBZ/CX2ze1PlDMs6su0PQ4BYMtsq31c+UnUxO8Ux20a8VWwywpZcLzLgOsLLqAuDmsBr8VavsrIzNIo78S/ua2qnQ0nYNp/N/YXH+dHBcPTvuypqt6gRWWmm9UrG2co4GI3qIqBLR2ZKimrrIA6zqNcllmxJXPycRF006ovr3tikcBy6mh7AONXncyYPFqk+u3/+W49VEtY2XEK+Nu4+fSdU5+Z2STFu61yPXZbBz7b3Mt7TTVTlGmyBbPXCeyy6LaN6xnbzZDuySOdGg9jLKxs5OgYiDhh4rODRZmk6HhYFkl/uQjWU+zdKAuHARHLmzlwdVZUDm3NP0vWNvEeqxtDLPGmp8S6aOJPvwA17cyMx69jGtBtab7dcJem5EmO0GkGsTmu/tU/7XVu6dzK3TmentSKAH+dBJNg23R37diIddGuLZQjxeMMsjp9F9cD7kSWQTbuVKPBsjv95jfhlNPYirCGL/l2iMz9XO7W2f6HQlXingZVAynSnPeGkW2crEMyIdlOmFZZvi/fArhQWtWyFa08MjbcTPxEuVJKFLEbYA6Es86hnxkD8Cy4G/pUY0gwgUA9i88kHEEVmC5VCutO/y51ogFJvV6zpEIkSjVrYwJ2lx7vIlN9IdRspA1Xe0="

[[package]]
name = "musl"
version = "1.2.6-1"
system = "archlinux"
url = "https://archive.archlinux.org/packages/m/musl/musl-1.2.6-1-x86_64.pkg.tar.zst"
sha256 = "193b040c7174637ebcb7449914017e4b300089884a659d00bce59888744dc184"
signature = "iQJLBAABCgA1FiEEiee5MxxK59f699MFwTIpOVS75K0FAmm/In4XHHNwdXB5a2luQGFyY2hsaW51eC5vcmcACgkQwTIpOVS75K11JBAAtrp8Ovvj6VJOhuR/QKfUDDCpWbcvh+wyqSwXIgRGBR3+m5+HcHkaTUGxtodWpCjiEJeM303SGTgPVsSKlUpNzK/emqhRpKX6pETNvFCjGYZGplvBhdh/LNRf/OMzU2Ld16woc4RUYKciV1LDohB1XVMHpG//QkTHcLOJT4G57NJoS9t0JumxPdZUwEbVrYG56wEMIIVABfY2zb2iFCrjkr1N8GlTCnI8HXpsq0E4yMkhIZ/a1dkFEDmWgFX8g+7JaVVbMFGDaJMGBIM/9bI7Ydc9JtXFbC6aRizF86ZfZdlK3xj0/WAFaqDoj1/O3aToaTqYic/qgPeOqo/nBOyyMxPU9dpz3RBOD9poSiLhjvhERyMSGwuGeAt8D2EGsrUjhJvydF84WfF0ZhlIZIWh1pW+Rf/CPzMeeM3eipLv58HTj5v70JSJuinTM0oIHWoIhsyZPz39dW0UJ+Qqi455f8h8Nj3a/UZfwElNqwLFkV4Qjt9qSRy8twaBNlQuh04PpRhSktRiXNKqc4Ldvcuo/9rhxdByORyfaelYL7OvyX5DyZqmlr1MmtREu4mHU2wN0znRfGinGdVNcqFtFScaABM2tnG8ZE1fOngHg6+P7cFzYYNN8PRaNUHGmSEmbHOoC3k236GmWbCTbDfcZcLauORmJg5GxxoW64PO53CdBRs="

[[package]]
name = "nettle"
version = "4.0-1"
system = "archlinux"
url = "https://archive.archlinux.org/packages/n/nettle/nettle-4.0-1-x86_64.pkg.tar.zst"
sha256 = "679138a8405ca383aba7836d54fdc282db9394b7dc23c097b8965f70119adf13"
signature = "iQEzBAABCgAdFiEErcih/MFeAdRTEEGelGV6sg8qCSsFAmnyWiAACgkQlGV6sg8qCStpDAgAo5ldL6CUnrLyJdgSJpTvyVbXyHpEHzBKgB6dFclj0rkgOG+RkT8yfXtnnSOM2KDLAayjnlc2YhcvgS6KHQU4Mk44CDzZIR9ino3PkpktB+F5IHiLPPrvZmfUs9kMM2OQqsFhSwEDV8AmRbub7rRL/sUZ+gCAWqcI7c/0wNd21nbgzrTdZvQD8oX6Ce9e3r9yvbyzxwea8jDwt+jTX4BdTr3XuCHv1W/oaqSMY9xw6tedxkwoNG2FJWxxb3zOvF5ujPnGSlKikGGYkkqXip/ikeHwRSd7LRu64rSwvdS6Q89qSaXvn88A8GhaDM8GlprfYy08JwuQyMlMHGHuR0s0CA=="

[[package]]
name = "perl"
version = "5.42.2-1"
system = "archlinux"
url = "https://archive.archlinux.org/packages/p/perl/perl-5.42.2-1-x86_64.pkg.tar.zst"
sha256 = "a324d4c08853ba0dd0062dd7b5f0a3ae15868200fb65e837b332adbb81605cdc"
signature = "iQIzBAABCgAdFiEEtZcfLFwQqaCMYAMPeGxj8zDXy5IFAmnOHXgACgkQeGxj8zDXy5IJUhAAm3NcDjH5PW4FvSNSch7TdYtFHXNNuAxuy/YGiSpaB1U3MCaCdptNFfEp0k/HrKKAXTRd4lm3Egdy9SzB/VWx9eGHd7bjcKZbjshFfYjCnWT+0ClyKMMu+k3Cc3Cm8/EbQHTsTHrnqRIVSFOxIjxnn4gXAAcbhtF0aMWGVYC91soiU+RULBWw2HwEwu0KTLK/u76jgxIOq7riZdOAJE1ssIbcHu0IvKSXVVlKdKbE3R14IUPhZnvvsjeUMcj3GGUUMWW9vI6DtQsIm+y6WhTh/lffg3WKfba1VSeBUddHxx0NN68oDGBMVodGRXEwNwfUjk69ecp1pm1DH5aeiFBdWcwaabOCWKBHgq/YsQSWKq3zBeHVzrfuihsxBnjZLEGHxCQ3hyQjqIXEICexp0LCzxI4K1cYfA2/hDjlmbzPxxJycfgfzpLUjJ63h3aRCo+qDgHaVSIxN2polXYwsoeYZOjUJOACiTDFtd1NulSfLu3HJClL6pfhvezRgQoR0t71EyyVZhJX5aUCE8kdk+ZqFc3wVbZ9YJwngjTD4pRea/SEDaIB+BanTHcBh1QdejJZUeB8kieCZ0mzNPu0SGCQKbN9YpVQsRODpngwr3Y8xGZ4exLlTpV+4A7gHnc5TkXhdgEg6IZJHhcXHznXu/+vVQi6YS53dCj2a3xqlcwiaNA="

[[package]]
name = "rust"
version = "1:1.95.0-1"
system = "archlinux"
url = "https://archive.archlinux.org/packages/r/rust/rust-1:1.95.0-1-x86_64.pkg.tar.zst"
sha256 = "7fb944fe7316c4b56946e97629c1c274c7dd477301f72ff38665e516a961cf61"
signature = "iHUEABYKAB0WIQSDvIiJNRtd67toQW64rAhgDxCM3wUCaeD+JwAKCRC4rAhgDxCM3+a+AQDYqAJgf84M0ML7M7irZpz+lqnDUPOWdv1f2Ncndw5ilQD/Y5IQ3hhescVkc3Qq957lfwEtFF4JHwVgHDUYSb7NXgM="

[[package]]
name = "rust-musl"
version = "1:1.95.0-1"
system = "archlinux"
url = "https://archive.archlinux.org/packages/r/rust-musl/rust-musl-1:1.95.0-1-x86_64.pkg.tar.zst"
sha256 = "362af945af3da46608036f094f73124694d816001810872d728a34fe8af5f683"
signature = "iHUEABYKAB0WIQSDvIiJNRtd67toQW64rAhgDxCM3wUCaeD+KQAKCRC4rAhgDxCM39dFAP4jpCK0BwjQlfA9DIICUNe81RSMq3dC1LwoGny1v6pYggD8CmDX4Y2TizyqFq53J6i+lTe1jhW6qjtDTxw/MSpO9wQ="
